// !$*UTF8*$!
{
	archiveVersion = 1;
	classes = {
	};
	objectVersion = 48;
	objects = {

/* Begin PBXBuildFile section */
		FA6FAE361FEC1980007FD37D /* SuperGame.swift in Sources */ = {isa = PBXBuildFile; fileRef = FA6FAE351FEC1980007FD37D /* SuperGame.swift */; };
		FA8195E51FD9919D00D58C09 /* AppDelegate.swift in Sources */ = {isa = PBXBuildFile; fileRef = FA8195E41FD9919D00D58C09 /* AppDelegate.swift */; };
		FA8195E71FD9919D00D58C09 /* ViewController.swift in Sources */ = {isa = PBXBuildFile; fileRef = FA8195E61FD9919D00D58C09 /* ViewController.swift */; };
		FA8195EA1FD9919D00D58C09 /* Main.storyboard in Resources */ = {isa = PBXBuildFile; fileRef = FA8195E81FD9919D00D58C09 /* Main.storyboard */; };
		FA8195EC1FD9919D00D58C09 /* Assets.xcassets in Resources */ = {isa = PBXBuildFile; fileRef = FA8195EB1FD9919D00D58C09 /* Assets.xcassets */; };
		FA8195EF1FD9919D00D58C09 /* LaunchScreen.storyboard in Resources */ = {isa = PBXBuildFile; fileRef = FA8195ED1FD9919D00D58C09 /* LaunchScreen.storyboard */; };
		FA8195F71FD99A2500D58C09 /* TableViewCell.swift in Sources */ = {isa = PBXBuildFile; fileRef = FA8195F61FD99A2500D58C09 /* TableViewCell.swift */; };
		FA8195F91FD9A34600D58C09 /* TextViewController.swift in Sources */ = {isa = PBXBuildFile; fileRef = FA8195F81FD9A34600D58C09 /* TextViewController.swift */; };
		FA889C391FE3FB6F0028EEAF /* Button.swift in Sources */ = {isa = PBXBuildFile; fileRef = FA889C381FE3FB6F0028EEAF /* Button.swift */; };
		FAAD827F200E34AF0094B967 /* AdminTableViewController.swift in Sources */ = {isa = PBXBuildFile; fileRef = FAAD827E200E34AF0094B967 /* AdminTableViewController.swift */; };
		FAAD8281200E3E4F0094B967 /* DataSuperGames.swift in Sources */ = {isa = PBXBuildFile; fileRef = FAAD8280200E3E4F0094B967 /* DataSuperGames.swift */; };
		FAC589CA1FE1A0B9000FC3EE /* Data.swift in Sources */ = {isa = PBXBuildFile; fileRef = FAC589C91FE1A0B9000FC3EE /* Data.swift */; };
		FAD526151FE86B1000F7DB4E /* View.swift in Sources */ = {isa = PBXBuildFile; fileRef = FAD526141FE86B1000F7DB4E /* View.swift */; };
/* End PBXBuildFile section */

/* Begin PBXFileReference section */
		FA6FAE351FEC1980007FD37D /* SuperGame.swift */ = {isa = PBXFileReference; lastKnownFileType = sourcecode.swift; path = SuperGame.swift; sourceTree = "<group>"; };
		FA8195E11FD9919D00D58C09 /* Drunk Finger.app */ = {isa = PBXFileReference; explicitFileType = wrapper.application; includeInIndex = 0; path = "Drunk Finger.app"; sourceTree = BUILT_PRODUCTS_DIR; };
		FA8195E41FD9919D00D58C09 /* AppDelegate.swift */ = {isa = PBXFileReference; lastKnownFileType = sourcecode.swift; path = AppDelegate.swift; sourceTree = "<group>"; };
		FA8195E61FD9919D00D58C09 /* ViewController.swift */ = {isa = PBXFileReference; lastKnownFileType = sourcecode.swift; path = ViewController.swift; sourceTree = "<group>"; };
		FA8195E91FD9919D00D58C09 /* Base */ = {isa = PBXFileReference; lastKnownFileType = file.storyboard; name = Base; path = Base.lproj/Main.storyboard; sourceTree = "<group>"; };
		FA8195EB1FD9919D00D58C09 /* Assets.xcassets */ = {isa = PBXFileReference; lastKnownFileType = folder.assetcatalog; path = Assets.xcassets; sourceTree = "<group>"; };
		FA8195EE1FD9919D00D58C09 /* Base */ = {isa = PBXFileReference; lastKnownFileType = file.storyboard; name = Base; path = Base.lproj/LaunchScreen.storyboard; sourceTree = "<group>"; };
		FA8195F01FD9919D00D58C09 /* Info.plist */ = {isa = PBXFileReference; lastKnownFileType = text.plist.xml; path = Info.plist; sourceTree = "<group>"; };
		FA8195F61FD99A2500D58C09 /* TableViewCell.swift */ = {isa = PBXFileReference; lastKnownFileType = sourcecode.swift; path = TableViewCell.swift; sourceTree = "<group>"; };
		FA8195F81FD9A34600D58C09 /* TextViewController.swift */ = {isa = PBXFileReference; lastKnownFileType = sourcecode.swift; path = TextViewController.swift; sourceTree = "<group>"; };
		FA889C381FE3FB6F0028EEAF /* Button.swift */ = {isa = PBXFileReference; lastKnownFileType = sourcecode.swift; path = Button.swift; sourceTree = "<group>"; };
		FAAD827E200E34AF0094B967 /* AdminTableViewController.swift */ = {isa = PBXFileReference; lastKnownFileType = sourcecode.swift; path = AdminTableViewController.swift; sourceTree = "<group>"; };
		FAAD8280200E3E4F0094B967 /* DataSuperGames.swift */ = {isa = PBXFileReference; lastKnownFileType = sourcecode.swift; path = DataSuperGames.swift; sourceTree = "<group>"; };
		FAC589C91FE1A0B9000FC3EE /* Data.swift */ = {isa = PBXFileReference; lastKnownFileType = sourcecode.swift; path = Data.swift; sourceTree = "<group>"; };
		FAD526141FE86B1000F7DB4E /* View.swift */ = {isa = PBXFileReference; lastKnownFileType = sourcecode.swift; path = View.swift; sourceTree = "<group>"; };
/* End PBXFileReference section */

/* Begin PBXFrameworksBuildPhase section */
		FA8195DE1FD9919D00D58C09 /* Frameworks */ = {
			isa = PBXFrameworksBuildPhase;
			buildActionMask = 2147483647;
			files = (
			);
			runOnlyForDeploymentPostprocessing = 0;
		};
/* End PBXFrameworksBuildPhase section */

/* Begin PBXGroup section */
		FA8195D81FD9919D00D58C09 = {
			isa = PBXGroup;
			children = (
				FA8195E31FD9919D00D58C09 /* Drunk Finger */,
				FA8195E21FD9919D00D58C09 /* Products */,
			);
			sourceTree = "<group>";
		};
		FA8195E21FD9919D00D58C09 /* Products */ = {
			isa = PBXGroup;
			children = (
				FA8195E11FD9919D00D58C09 /* Drunk Finger.app */,
			);
			name = Products;
			sourceTree = "<group>";
		};
		FA8195E31FD9919D00D58C09 /* Drunk Finger */ = {
			isa = PBXGroup;
			children = (
				FA889C371FE3FB2F0028EEAF /* Designables */,
				FA8195E41FD9919D00D58C09 /* AppDelegate.swift */,
				FA8195F61FD99A2500D58C09 /* TableViewCell.swift */,
				FA8195E61FD9919D00D58C09 /* ViewController.swift */,
				FA8195F81FD9A34600D58C09 /* TextViewController.swift */,
				FAAD827E200E34AF0094B967 /* AdminTableViewController.swift */,
				FAC589C91FE1A0B9000FC3EE /* Data.swift */,
				FA6FAE351FEC1980007FD37D /* SuperGame.swift */,
				FAAD8280200E3E4F0094B967 /* DataSuperGames.swift */,
				FA8195E81FD9919D00D58C09 /* Main.storyboard */,
				FA8195EB1FD9919D00D58C09 /* Assets.xcassets */,
				FA8195ED1FD9919D00D58C09 /* LaunchScreen.storyboard */,
				FA8195F01FD9919D00D58C09 /* Info.plist */,
			);
			path = "Drunk Finger";
			sourceTree = "<group>";
		};
		FA889C371FE3FB2F0028EEAF /* Designables */ = {
			isa = PBXGroup;
			children = (
				FA889C381FE3FB6F0028EEAF /* Button.swift */,
				FAD526141FE86B1000F7DB4E /* View.swift */,
			);
			path = Designables;
			sourceTree = "<group>";
		};
/* End PBXGroup section */

/* Begin PBXNativeTarget section */
		FA8195E01FD9919D00D58C09 /* Drunk Finger */ = {
			isa = PBXNativeTarget;
			buildConfigurationList = FA8195F31FD9919D00D58C09 /* Build configuration list for PBXNativeTarget "Drunk Finger" */;
			buildPhases = (
				FA8195DD1FD9919D00D58C09 /* Sources */,
				FA8195DE1FD9919D00D58C09 /* Frameworks */,
				FA8195DF1FD9919D00D58C09 /* Resources */,
			);
			buildRules = (
			);
			dependencies = (
			);
			name = "Drunk Finger";
			productName = "Drunk Finger";
			productReference = FA8195E11FD9919D00D58C09 /* Drunk Finger.app */;
			productType = "com.apple.product-type.application";
		};
/* End PBXNativeTarget section */

/* Begin PBXProject section */
		FA8195D91FD9919D00D58C09 /* Project object */ = {
			isa = PBXProject;
			attributes = {
				LastSwiftUpdateCheck = 0910;
				LastUpgradeCheck = 0910;
				ORGANIZATIONNAME = "Анатолий Модестов";
				TargetAttributes = {
					FA8195E01FD9919D00D58C09 = {
						CreatedOnToolsVersion = 9.1;
						ProvisioningStyle = Automatic;
					};
				};
			};
			buildConfigurationList = FA8195DC1FD9919D00D58C09 /* Build configuration list for PBXProject "Drunk Finger" */;
			compatibilityVersion = "Xcode 8.0";
			developmentRegion = en;
			hasScannedForEncodings = 0;
			knownRegions = (
				en,
				Base,
			);
			mainGroup = FA8195D81FD9919D00D58C09;
			productRefGroup = FA8195E21FD9919D00D58C09 /* Products */;
			projectDirPath = "";
			projectRoot = "";
			targets = (
				FA8195E01FD9919D00D58C09 /* Drunk Finger */,
			);
		};
/* End PBXProject section */

/* Begin PBXResourcesBuildPhase section */
		FA8195DF1FD9919D00D58C09 /* Resources */ = {
			isa = PBXResourcesBuildPhase;
			buildActionMask = 2147483647;
			files = (
				FA8195EF1FD9919D00D58C09 /* LaunchScreen.storyboard in Resources */,
				FA8195EC1FD9919D00D58C09 /* Assets.xcassets in Resources */,
				FA8195EA1FD9919D00D58C09 /* Main.storyboard in Resources */,
			);
			runOnlyForDeploymentPostprocessing = 0;
		};
/* End PBXResourcesBuildPhase section */

/* Begin PBXSourcesBuildPhase section */
		FA8195DD1FD9919D00D58C09 /* Sources */ = {
			isa = PBXSourcesBuildPhase;
			buildActionMask = 2147483647;
			files = (
				FA8195F71FD99A2500D58C09 /* TableViewCell.swift in Sources */,
				FA889C391FE3FB6F0028EEAF /* Button.swift in Sources */,
				FAC589CA1FE1A0B9000FC3EE /* Data.swift in Sources */,
				FA6FAE361FEC1980007FD37D /* SuperGame.swift in Sources */,
				FAAD827F200E34AF0094B967 /* AdminTableViewController.swift in Sources */,
				FAAD8281200E3E4F0094B967 /* DataSuperGames.swift in Sources */,
				FA8195E71FD9919D00D58C09 /* ViewController.swift in Sources */,
				FA8195E51FD9919D00D58C09 /* AppDelegate.swift in Sources */,
				FAD526151FE86B1000F7DB4E /* View.swift in Sources */,
				FA8195F91FD9A34600D58C09 /* TextViewController.swift in Sources */,
			);
			runOnlyForDeploymentPostprocessing = 0;
		};
/* End PBXSourcesBuildPhase section */

/* Begin PBXVariantGroup section */
		FA8195E81FD9919D00D58C09 /* Main.storyboard */ = {
			isa = PBXVariantGroup;
			children = (
				FA8195E91FD9919D00D58C09 /* Base */,
			);
			name = Main.storyboard;
			sourceTree = "<group>";
		};
		FA8195ED1FD9919D00D58C09 /* LaunchScreen.storyboard */ = {
			isa = PBXVariantGroup;
			children = (
				FA8195EE1FD9919D00D58C09 /* Base */,
			);
			name = LaunchScreen.storyboard;
			sourceTree = "<group>";
		};
/* End PBXVariantGroup section */

/* Begin XCBuildConfiguration section */
		FA8195F11FD9919D00D58C09 /* Debug */ = {
			isa = XCBuildConfiguration;
			buildSettings = {
				ALWAYS_SEARCH_USER_PATHS = NO;
				CLANG_ANALYZER_NONNULL = YES;
				CLANG_ANALYZER_NUMBER_OBJECT_CONVERSION = YES_AGGRESSIVE;
				CLANG_CXX_LANGUAGE_STANDARD = "gnu++14";
				CLANG_CXX_LIBRARY = "libc++";
				CLANG_ENABLE_MODULES = YES;
				CLANG_ENABLE_OBJC_ARC = YES;
				CLANG_WARN_BLOCK_CAPTURE_AUTORELEASING = YES;
				CLANG_WARN_BOOL_CONVERSION = YES;
				CLANG_WARN_COMMA = YES;
				CLANG_WARN_CONSTANT_CONVERSION = YES;
				CLANG_WARN_DIRECT_OBJC_ISA_USAGE = YES_ERROR;
				CLANG_WARN_DOCUMENTATION_COMMENTS = YES;
				CLANG_WARN_EMPTY_BODY = YES;
				CLANG_WARN_ENUM_CONVERSION = YES;
				CLANG_WARN_INFINITE_RECURSION = YES;
				CLANG_WARN_INT_CONVERSION = YES;
				CLANG_WARN_NON_LITERAL_NULL_CONVERSION = YES;
				CLANG_WARN_OBJC_LITERAL_CONVERSION = YES;
				CLANG_WARN_OBJC_ROOT_CLASS = YES_ERROR;
				CLANG_WARN_RANGE_LOOP_ANALYSIS = YES;
				CLANG_WARN_STRICT_PROTOTYPES = YES;
				CLANG_WARN_SUSPICIOUS_MOVE = YES;
				CLANG_WARN_UNGUARDED_AVAILABILITY = YES_AGGRESSIVE;
				CLANG_WARN_UNREACHABLE_CODE = YES;
				CLANG_WARN__DUPLICATE_METHOD_MATCH = YES;
				CODE_SIGN_IDENTITY = "iPhone Developer";
				COPY_PHASE_STRIP = NO;
				DEBUG_INFORMATION_FORMAT = dwarf;
				ENABLE_STRICT_OBJC_MSGSEND = YES;
				ENABLE_TESTABILITY = YES;
				GCC_C_LANGUAGE_STANDARD = gnu11;
				GCC_DYNAMIC_NO_PIC = NO;
				GCC_NO_COMMON_BLOCKS = YES;
				GCC_OPTIMIZATION_LEVEL = 0;
				GCC_PREPROCESSOR_DEFINITIONS = (
					"DEBUG=1",
					"$(inherited)",
				);
				GCC_WARN_64_TO_32_BIT_CONVERSION = YES;
				GCC_WARN_ABOUT_RETURN_TYPE = YES_ERROR;
				GCC_WARN_UNDECLARED_SELECTOR = YES;
				GCC_WARN_UNINITIALIZED_AUTOS = YES_AGGRESSIVE;
				GCC_WARN_UNUSED_FUNCTION = YES;
				GCC_WARN_UNUSED_VARIABLE = YES;
				IPHONEOS_DEPLOYMENT_TARGET = 9.0;
				MTL_ENABLE_DEBUG_INFO = YES;
				ONLY_ACTIVE_ARCH = YES;
				SDKROOT = iphoneos;
				SWIFT_ACTIVE_COMPILATION_CONDITIONS = DEBUG;
				SWIFT_OPTIMIZATION_LEVEL = "-Onone";
			};
			name = Debug;
		};
		FA8195F21FD9919D00D58C09 /* Release */ = {
			isa = XCBuildConfiguration;
			buildSettings = {
				ALWAYS_SEARCH_USER_PATHS = NO;
				CLANG_ANALYZER_NONNULL = YES;
				CLANG_ANALYZER_NUMBER_OBJECT_CONVERSION = YES_AGGRESSIVE;
				CLANG_CXX_LANGUAGE_STANDARD = "gnu++14";
				CLANG_CXX_LIBRARY = "libc++";
				CLANG_ENABLE_MODULES = YES;
				CLANG_ENABLE_OBJC_ARC = YES;
				CLANG_WARN_BLOCK_CAPTURE_AUTORELEASING = YES;
				CLANG_WARN_BOOL_CONVERSION = YES;
				CLANG_WARN_COMMA = YES;
				CLANG_WARN_CONSTANT_CONVERSION = YES;
				CLANG_WARN_DIRECT_OBJC_ISA_USAGE = YES_ERROR;
				CLANG_WARN_DOCUMENTATION_COMMENTS = YES;
				CLANG_WARN_EMPTY_BODY = YES;
				CLANG_WARN_ENUM_CONVERSION = YES;
				CLANG_WARN_INFINITE_RECURSION = YES;
				CLANG_WARN_INT_CONVERSION = YES;
				CLANG_WARN_NON_LITERAL_NULL_CONVERSION = YES;
				CLANG_WARN_OBJC_LITERAL_CONVERSION = YES;
				CLANG_WARN_OBJC_ROOT_CLASS = YES_ERROR;
				CLANG_WARN_RANGE_LOOP_ANALYSIS = YES;
				CLANG_WARN_STRICT_PROTOTYPES = YES;
				CLANG_WARN_SUSPICIOUS_MOVE = YES;
				CLANG_WARN_UNGUARDED_AVAILABILITY = YES_AGGRESSIVE;
				CLANG_WARN_UNREACHABLE_CODE = YES;
				CLANG_WARN__DUPLICATE_METHOD_MATCH = YES;
				CODE_SIGN_IDENTITY = "iPhone Developer";
				COPY_PHASE_STRIP = NO;
				DEBUG_INFORMATION_FORMAT = "dwarf-with-dsym";
				ENABLE_NS_ASSERTIONS = NO;
				ENABLE_STRICT_OBJC_MSGSEND = YES;
				GCC_C_LANGUAGE_STANDARD = gnu11;
				GCC_NO_COMMON_BLOCKS = YES;
				GCC_WARN_64_TO_32_BIT_CONVERSION = YES;
				GCC_WARN_ABOUT_RETURN_TYPE = YES_ERROR;
				GCC_WARN_UNDECLARED_SELECTOR = YES;
				GCC_WARN_UNINITIALIZED_AUTOS = YES_AGGRESSIVE;
				GCC_WARN_UNUSED_FUNCTION = YES;
				GCC_WARN_UNUSED_VARIABLE = YES;
				IPHONEOS_DEPLOYMENT_TARGET = 9.0;
				MTL_ENABLE_DEBUG_INFO = NO;
				SDKROOT = iphoneos;
				SWIFT_OPTIMIZATION_LEVEL = "-Owholemodule";
				VALIDATE_PRODUCT = YES;
			};
			name = Release;
		};
		FA8195F41FD9919D00D58C09 /* Debug */ = {
			isa = XCBuildConfiguration;
			buildSettings = {
				ASSETCATALOG_COMPILER_APPICON_NAME = AppIcon;
				CODE_SIGN_STYLE = Automatic;
				DEVELOPMENT_TEAM = TV745H5R48;
				INFOPLIST_FILE = "Drunk Finger/Info.plist";
				LD_RUNPATH_SEARCH_PATHS = "$(inherited) @executable_path/Frameworks";
				PRODUCT_BUNDLE_IDENTIFIER = "toli.Drunk-Finger";
				PRODUCT_NAME = "$(TARGET_NAME)";
				SWIFT_VERSION = 4.0;
				TARGETED_DEVICE_FAMILY = "1,2";
			};
			name = Debug;
		};
		FA8195F51FD9919D00D58C09 /* Release */ = {
			isa = XCBuildConfiguration;
			buildSettings = {
				ASSETCATALOG_COMPILER_APPICON_NAME = AppIcon;
				CODE_SIGN_STYLE = Automatic;
				DEVELOPMENT_TEAM = TV745H5R48;
				INFOPLIST_FILE = "Drunk Finger/Info.plist";
				LD_RUNPATH_SEARCH_PATHS = "$(inherited) @executable_path/Frameworks";
				PRODUCT_BUNDLE_IDENTIFIER = "toli.Drunk-Finger";
				PRODUCT_NAME = "$(TARGET_NAME)";
				SWIFT_VERSION = 4.0;
				TARGETED_DEVICE_FAMILY = "1,2";
			};
			name = Release;
		};
/* End XCBuildConfiguration section */

/* Begin XCConfigurationList section */
		FA8195DC1FD9919D00D58C09 /* Build configuration list for PBXProject "Drunk Finger" */ = {
			isa = XCConfigurationList;
			buildConfigurations = (
				FA8195F11FD9919D00D58C09 /* Debug */,
				FA8195F21FD9919D00D58C09 /* Release */,
			);
			defaultConfigurationIsVisible = 0;
			defaultConfigurationName = Release;
		};
		FA8195F31FD9919D00D58C09 /* Build configuration list for PBXNativeTarget "Drunk Finger" */ = {
			isa = XCConfigurationList;
			buildConfigurations = (
				FA8195F41FD9919D00D58C09 /* Debug */,
				FA8195F51FD9919D00D58C09 /* Release */,
			);
			defaultConfigurationIsVisible = 0;
			defaultConfigurationName = Release;
		};
/* End XCConfigurationList section */
	};
	rootObject = FA8195D91FD9919D00D58C09 /* Project object */;
}
